
Microsoft Visual Studio Solution File, Format Version 12.00
# Visual Studio Version 17
VisualStudioVersion = 17.9.34622.214
MinimumVisualStudioVersion = 10.0.40219.1
Project("{FAE04EC0-301F-11D3-BF4B-00C04F79EFBC}") = "TestAppAI", "TestAppAI\TestAppAI.csproj", "{ED9E5BA2-F4F9-4DAB-97FF-BAE053A6EFBF}"
EndProject
Global
	GlobalSection(SolutionConfigurationPlatforms) = preSolution
		Debug|Any CPU = Debug|Any CPU
		Release|Any CPU = Release|Any CPU
	EndGlobalSection
	GlobalSection(ProjectConfigurationPlatforms) = postSolution
		{ED9E5BA2-F4F9-4DAB-97FF-BAE053A6EFBF}.Debug|Any CPU.ActiveCfg = Debug|Any CPU
		{ED9E5BA2-F4F9-4DAB-97FF-BAE053A6EFBF}.Debug|Any CPU.Build.0 = Debug|Any CPU
		{ED9E5BA2-F4F9-4DAB-97FF-BAE053A6EFBF}.Release|Any CPU.ActiveCfg = Release|Any CPU
		{ED9E5BA2-F4F9-4DAB-97FF-BAE053A6EFBF}.Release|Any CPU.Build.0 = Release|Any CPU
	EndGlobalSection
	GlobalSection(SolutionProperties) = preSolution
		HideSolutionNode = FALSE
	EndGlobalSection
	GlobalSection(ExtensibilityGlobals) = postSolution
		SolutionGuid = {17796A91-F1E7-4AAA-AACC-3B4F66D7E709}
	EndGlobalSection
EndGlobal
